
Microsoft Visual Studio Solution File, Format Version 12.00
# Visual Studio Version 17
VisualStudioVersion = 17.4.33213.308
MinimumVisualStudioVersion = 10.0.40219.1
Project("{FAE04EC0-301F-11D3-BF4B-00C04F79EFBC}") = "PasswordValidator", "PasswordValidator\PasswordValidator.csproj", "{CBCBBDC7-1ACA-42AD-8AAA-9E9E07D9C3CD}"
EndProject
Global
	GlobalSection(SolutionConfigurationPlatforms) = preSolution
		Debug|Any CPU = Debug|Any CPU
		Release|Any CPU = Release|Any CPU
	EndGlobalSection
	GlobalSection(ProjectConfigurationPlatforms) = postSolution
		{CBCBBDC7-1ACA-42AD-8AAA-9E9E07D9C3CD}.Debug|Any CPU.ActiveCfg = Debug|Any CPU
		{CBCBBDC7-1ACA-42AD-8AAA-9E9E07D9C3CD}.Debug|Any CPU.Build.0 = Debug|Any CPU
		{CBCBBDC7-1ACA-42AD-8AAA-9E9E07D9C3CD}.Release|Any CPU.ActiveCfg = Release|Any CPU
		{CBCBBDC7-1ACA-42AD-8AAA-9E9E07D9C3CD}.Release|Any CPU.Build.0 = Release|Any CPU
	EndGlobalSection
	GlobalSection(SolutionProperties) = preSolution
		HideSolutionNode = FALSE
	EndGlobalSection
	GlobalSection(ExtensibilityGlobals) = postSolution
		SolutionGuid = {2562C447-586E-4208-853F-770224D51CDD}
	EndGlobalSection
EndGlobal
