
Microsoft Visual Studio Solution File, Format Version 12.00
# Visual Studio Version 17
VisualStudioVersion = 17.4.33213.308
MinimumVisualStudioVersion = 10.0.40219.1
Project("{FAE04EC0-301F-11D3-BF4B-00C04F79EFBC}") = "Juletræet", "Juletræet\Juletræet.csproj", "{8FF89F13-01DE-4014-A235-E3F18D023A5B}"
EndProject
Global
	GlobalSection(SolutionConfigurationPlatforms) = preSolution
		Debug|Any CPU = Debug|Any CPU
		Release|Any CPU = Release|Any CPU
	EndGlobalSection
	GlobalSection(ProjectConfigurationPlatforms) = postSolution
		{8FF89F13-01DE-4014-A235-E3F18D023A5B}.Debug|Any CPU.ActiveCfg = Debug|Any CPU
		{8FF89F13-01DE-4014-A235-E3F18D023A5B}.Debug|Any CPU.Build.0 = Debug|Any CPU
		{8FF89F13-01DE-4014-A235-E3F18D023A5B}.Release|Any CPU.ActiveCfg = Release|Any CPU
		{8FF89F13-01DE-4014-A235-E3F18D023A5B}.Release|Any CPU.Build.0 = Release|Any CPU
	EndGlobalSection
	GlobalSection(SolutionProperties) = preSolution
		HideSolutionNode = FALSE
	EndGlobalSection
	GlobalSection(ExtensibilityGlobals) = postSolution
		SolutionGuid = {3B4F1F9B-8C25-4F3A-BA86-C3FB7E6C0452}
	EndGlobalSection
EndGlobal
